
Microsoft Visual Studio Solution File, Format Version 12.00
# Visual Studio Version 16
VisualStudioVersion = 16.0.29306.81
MinimumVisualStudioVersion = 10.0.40219.1
Project("{FAE04EC0-301F-11D3-BF4B-00C04F79EFBC}") = "Twittie", "Twittie\Twittie.csproj", "{CA63B1F2-311E-46DD-8AC8-BEFB230521EE}"
EndProject
Global
	GlobalSection(SolutionConfigurationPlatforms) = preSolution
		Debug|Any CPU = Debug|Any CPU
		Release|Any CPU = Release|Any CPU
	EndGlobalSection
	GlobalSection(ProjectConfigurationPlatforms) = postSolution
		{CA63B1F2-311E-46DD-8AC8-BEFB230521EE}.Debug|Any CPU.ActiveCfg = Debug|Any CPU
		{CA63B1F2-311E-46DD-8AC8-BEFB230521EE}.Debug|Any CPU.Build.0 = Debug|Any CPU
		{CA63B1F2-311E-46DD-8AC8-BEFB230521EE}.Release|Any CPU.ActiveCfg = Release|Any CPU
		{CA63B1F2-311E-46DD-8AC8-BEFB230521EE}.Release|Any CPU.Build.0 = Release|Any CPU
	EndGlobalSection
	GlobalSection(SolutionProperties) = preSolution
		HideSolutionNode = FALSE
	EndGlobalSection
	GlobalSection(ExtensibilityGlobals) = postSolution
		SolutionGuid = {43F8044D-5419-4C0C-8048-12CECE5B694D}
	EndGlobalSection
EndGlobal
